// !$*UTF8*$!
{
	archiveVersion = 1;
	classes = {
	};
	objectVersion = 56;
	objects = {

/* Begin PBXBuildFile section */
		02A2A95D2901F50C005E42A6 /* FirebaseAnalytics in Frameworks */ = {isa = PBXBuildFile; productRef = 02A2A95C2901F50C005E42A6 /* FirebaseAnalytics */; };
		02A2A95F2901F50C005E42A6 /* FirebaseAnalyticsOnDeviceConversion in Frameworks */ = {isa = PBXBuildFile; productRef = 02A2A95E2901F50C005E42A6 /* FirebaseAnalyticsOnDeviceConversion */; };
		02A2A9612901F50C005E42A6 /* FirebaseAnalyticsSwift in Frameworks */ = {isa = PBXBuildFile; productRef = 02A2A9602901F50C005E42A6 /* FirebaseAnalyticsSwift */; };
		02A2A9632901F50C005E42A6 /* FirebaseAnalyticsWithoutAdIdSupport in Frameworks */ = {isa = PBXBuildFile; productRef = 02A2A9622901F50C005E42A6 /* FirebaseAnalyticsWithoutAdIdSupport */; };
		02A2A9652901F50C005E42A6 /* FirebaseAppCheck in Frameworks */ = {isa = PBXBuildFile; productRef = 02A2A9642901F50C005E42A6 /* FirebaseAppCheck */; };
		02A2A9672901F50C005E42A6 /* FirebaseAppDistribution-Beta in Frameworks */ = {isa = PBXBuildFile; productRef = 02A2A9662901F50C005E42A6 /* FirebaseAppDistribution-Beta */; };
		02A2A9692901F50C005E42A6 /* FirebaseAuth in Frameworks */ = {isa = PBXBuildFile; productRef = 02A2A9682901F50C005E42A6 /* FirebaseAuth */; };
		02A2A96B2901F50C005E42A6 /* FirebaseAuthCombine-Community in Frameworks */ = {isa = PBXBuildFile; productRef = 02A2A96A2901F50C005E42A6 /* FirebaseAuthCombine-Community */; };
		02A2A96D2901F50C005E42A6 /* FirebaseCrashlytics in Frameworks */ = {isa = PBXBuildFile; productRef = 02A2A96C2901F50C005E42A6 /* FirebaseCrashlytics */; };
		02A2A96F2901F50C005E42A6 /* FirebaseDatabase in Frameworks */ = {isa = PBXBuildFile; productRef = 02A2A96E2901F50C005E42A6 /* FirebaseDatabase */; };
		02A2A9712901F50C005E42A6 /* FirebaseDatabaseSwift in Frameworks */ = {isa = PBXBuildFile; productRef = 02A2A9702901F50C005E42A6 /* FirebaseDatabaseSwift */; };
		02A2A9732901F50C005E42A6 /* FirebaseDynamicLinks in Frameworks */ = {isa = PBXBuildFile; productRef = 02A2A9722901F50C005E42A6 /* FirebaseDynamicLinks */; };
		02A2A9752901F50C005E42A6 /* FirebaseFirestore in Frameworks */ = {isa = PBXBuildFile; productRef = 02A2A9742901F50C005E42A6 /* FirebaseFirestore */; };
		02A2A9772901F50C005E42A6 /* FirebaseFirestoreCombine-Community in Frameworks */ = {isa = PBXBuildFile; productRef = 02A2A9762901F50C005E42A6 /* FirebaseFirestoreCombine-Community */; };
		02A2A9792901F50C005E42A6 /* FirebaseFirestoreSwift in Frameworks */ = {isa = PBXBuildFile; productRef = 02A2A9782901F50C005E42A6 /* FirebaseFirestoreSwift */; };
		02A2A97B2901F50D005E42A6 /* FirebaseFunctions in Frameworks */ = {isa = PBXBuildFile; productRef = 02A2A97A2901F50C005E42A6 /* FirebaseFunctions */; };
		02A2A97D2901F50D005E42A6 /* FirebaseFunctionsCombine-Community in Frameworks */ = {isa = PBXBuildFile; productRef = 02A2A97C2901F50D005E42A6 /* FirebaseFunctionsCombine-Community */; };
		02A2A97F2901F50D005E42A6 /* FirebaseInAppMessaging-Beta in Frameworks */ = {isa = PBXBuildFile; productRef = 02A2A97E2901F50D005E42A6 /* FirebaseInAppMessaging-Beta */; };
		02A2A9812901F50D005E42A6 /* FirebaseInAppMessagingSwift-Beta in Frameworks */ = {isa = PBXBuildFile; productRef = 02A2A9802901F50D005E42A6 /* FirebaseInAppMessagingSwift-Beta */; };
		02A2A9832901F50D005E42A6 /* FirebaseInstallations in Frameworks */ = {isa = PBXBuildFile; productRef = 02A2A9822901F50D005E42A6 /* FirebaseInstallations */; };
		02A2A9852901F50D005E42A6 /* FirebaseMLModelDownloader in Frameworks */ = {isa = PBXBuildFile; productRef = 02A2A9842901F50D005E42A6 /* FirebaseMLModelDownloader */; };
		02A2A9872901F50D005E42A6 /* FirebaseMessaging in Frameworks */ = {isa = PBXBuildFile; productRef = 02A2A9862901F50D005E42A6 /* FirebaseMessaging */; };
		02A2A9892901F50D005E42A6 /* FirebasePerformance in Frameworks */ = {isa = PBXBuildFile; productRef = 02A2A9882901F50D005E42A6 /* FirebasePerformance */; };
		02A2A98B2901F50D005E42A6 /* FirebaseRemoteConfig in Frameworks */ = {isa = PBXBuildFile; productRef = 02A2A98A2901F50D005E42A6 /* FirebaseRemoteConfig */; };
		02A2A98D2901F50D005E42A6 /* FirebaseRemoteConfigSwift in Frameworks */ = {isa = PBXBuildFile; productRef = 02A2A98C2901F50D005E42A6 /* FirebaseRemoteConfigSwift */; };
		02A2A98F2901F50D005E42A6 /* FirebaseStorage in Frameworks */ = {isa = PBXBuildFile; productRef = 02A2A98E2901F50D005E42A6 /* FirebaseStorage */; };
		02A2A9912901F50D005E42A6 /* FirebaseStorageCombine-Community in Frameworks */ = {isa = PBXBuildFile; productRef = 02A2A9902901F50D005E42A6 /* FirebaseStorageCombine-Community */; };
		02A447C8290B420100D06883 /* RiverFileTemp.swift in Sources */ = {isa = PBXBuildFile; fileRef = 02A447C7290B420100D06883 /* RiverFileTemp.swift */; };
		02A447CC290B428800D06883 /* ImagePicker.swift in Sources */ = {isa = PBXBuildFile; fileRef = 02A447CB290B428800D06883 /* ImagePicker.swift */; };
		205BBAE228F8BDE3001C00F7 /* PostScreen.swift in Sources */ = {isa = PBXBuildFile; fileRef = 205BBAE128F8BDE3001C00F7 /* PostScreen.swift */; };
		A306257728F22E4400919640 /* GTLinkApp.swift in Sources */ = {isa = PBXBuildFile; fileRef = A306257628F22E4400919640 /* GTLinkApp.swift */; };
		A306257928F22E4400919640 /* ContentView.swift in Sources */ = {isa = PBXBuildFile; fileRef = A306257828F22E4400919640 /* ContentView.swift */; };
		A306257B28F22E4500919640 /* Assets.xcassets in Resources */ = {isa = PBXBuildFile; fileRef = A306257A28F22E4500919640 /* Assets.xcassets */; };
		A306257E28F22E4500919640 /* Preview Assets.xcassets in Resources */ = {isa = PBXBuildFile; fileRef = A306257D28F22E4500919640 /* Preview Assets.xcassets */; };
		A36E154028F8EE3400239E22 /* GoogleService-Info.plist in Resources */ = {isa = PBXBuildFile; fileRef = A36E153F28F8EE3400239E22 /* GoogleService-Info.plist */; };
/* End PBXBuildFile section */

/* Begin PBXFileReference section */
		02A447C7290B420100D06883 /* RiverFileTemp.swift */ = {isa = PBXFileReference; lastKnownFileType = sourcecode.swift; path = RiverFileTemp.swift; sourceTree = "<group>"; };
		02A447CB290B428800D06883 /* ImagePicker.swift */ = {isa = PBXFileReference; lastKnownFileType = sourcecode.swift; name = ImagePicker.swift; path = GTLink/View/ImagePicker.swift; sourceTree = SOURCE_ROOT; };
		205BBAE128F8BDE3001C00F7 /* PostScreen.swift */ = {isa = PBXFileReference; lastKnownFileType = sourcecode.swift; path = PostScreen.swift; sourceTree = "<group>"; };
		A306257328F22E4400919640 /* GTLink.app */ = {isa = PBXFileReference; explicitFileType = wrapper.application; includeInIndex = 0; path = GTLink.app; sourceTree = BUILT_PRODUCTS_DIR; };
		A306257628F22E4400919640 /* GTLinkApp.swift */ = {isa = PBXFileReference; lastKnownFileType = sourcecode.swift; path = GTLinkApp.swift; sourceTree = "<group>"; };
		A306257828F22E4400919640 /* ContentView.swift */ = {isa = PBXFileReference; lastKnownFileType = sourcecode.swift; path = ContentView.swift; sourceTree = "<group>"; };
		A306257A28F22E4500919640 /* Assets.xcassets */ = {isa = PBXFileReference; lastKnownFileType = folder.assetcatalog; path = Assets.xcassets; sourceTree = "<group>"; };
		A306257D28F22E4500919640 /* Preview Assets.xcassets */ = {isa = PBXFileReference; lastKnownFileType = folder.assetcatalog; path = "Preview Assets.xcassets"; sourceTree = "<group>"; };
		A36E153F28F8EE3400239E22 /* GoogleService-Info.plist */ = {isa = PBXFileReference; fileEncoding = 4; lastKnownFileType = text.plist.xml; path = "GoogleService-Info.plist"; sourceTree = "<group>"; };
/* End PBXFileReference section */

/* Begin PBXFrameworksBuildPhase section */
		A306257028F22E4400919640 /* Frameworks */ = {
			isa = PBXFrameworksBuildPhase;
			buildActionMask = 2147483647;
			files = (
				02A2A96F2901F50C005E42A6 /* FirebaseDatabase in Frameworks */,
				02A2A97D2901F50D005E42A6 /* FirebaseFunctionsCombine-Community in Frameworks */,
				02A2A9752901F50C005E42A6 /* FirebaseFirestore in Frameworks */,
				02A2A9612901F50C005E42A6 /* FirebaseAnalyticsSwift in Frameworks */,
				02A2A95D2901F50C005E42A6 /* FirebaseAnalytics in Frameworks */,
				02A2A95F2901F50C005E42A6 /* FirebaseAnalyticsOnDeviceConversion in Frameworks */,
				02A2A9852901F50D005E42A6 /* FirebaseMLModelDownloader in Frameworks */,
				02A2A9792901F50C005E42A6 /* FirebaseFirestoreSwift in Frameworks */,
				02A2A9652901F50C005E42A6 /* FirebaseAppCheck in Frameworks */,
				02A2A9632901F50C005E42A6 /* FirebaseAnalyticsWithoutAdIdSupport in Frameworks */,
				02A2A9692901F50C005E42A6 /* FirebaseAuth in Frameworks */,
				02A2A96D2901F50C005E42A6 /* FirebaseCrashlytics in Frameworks */,
				02A2A98D2901F50D005E42A6 /* FirebaseRemoteConfigSwift in Frameworks */,
				02A2A97F2901F50D005E42A6 /* FirebaseInAppMessaging-Beta in Frameworks */,
				02A2A9712901F50C005E42A6 /* FirebaseDatabaseSwift in Frameworks */,
				02A2A97B2901F50D005E42A6 /* FirebaseFunctions in Frameworks */,
				02A2A9912901F50D005E42A6 /* FirebaseStorageCombine-Community in Frameworks */,
				02A2A98B2901F50D005E42A6 /* FirebaseRemoteConfig in Frameworks */,
				02A2A9672901F50C005E42A6 /* FirebaseAppDistribution-Beta in Frameworks */,
				02A2A96B2901F50C005E42A6 /* FirebaseAuthCombine-Community in Frameworks */,
				02A2A9892901F50D005E42A6 /* FirebasePerformance in Frameworks */,
				02A2A9812901F50D005E42A6 /* FirebaseInAppMessagingSwift-Beta in Frameworks */,
				02A2A98F2901F50D005E42A6 /* FirebaseStorage in Frameworks */,
				02A2A9732901F50C005E42A6 /* FirebaseDynamicLinks in Frameworks */,
				02A2A9772901F50C005E42A6 /* FirebaseFirestoreCombine-Community in Frameworks */,
				02A2A9872901F50D005E42A6 /* FirebaseMessaging in Frameworks */,
				02A2A9832901F50D005E42A6 /* FirebaseInstallations in Frameworks */,
			);
			runOnlyForDeploymentPostprocessing = 0;
		};
/* End PBXFrameworksBuildPhase section */

/* Begin PBXGroup section */
		205BBADE28F8BD97001C00F7 /* Model */ = {
			isa = PBXGroup;
			children = (
				02A447CB290B428800D06883 /* ImagePicker.swift */,
			);
			name = Model;
			path = "New Group/Model";
			sourceTree = "<group>";
		};
		205BBAE028F8BDBD001C00F7 /* View */ = {
			isa = PBXGroup;
			children = (
				205BBAE128F8BDE3001C00F7 /* PostScreen.swift */,
				02A447C7290B420100D06883 /* RiverFileTemp.swift */,
			);
			path = View;
			sourceTree = "<group>";
		};
		A306256A28F22E4400919640 = {
			isa = PBXGroup;
			children = (
				A306257528F22E4400919640 /* GTLink */,
				A306257428F22E4400919640 /* Products */,
			);
			sourceTree = "<group>";
		};
		A306257428F22E4400919640 /* Products */ = {
			isa = PBXGroup;
			children = (
				A306257328F22E4400919640 /* GTLink.app */,
			);
			name = Products;
			sourceTree = "<group>";
		};
		A306257528F22E4400919640 /* GTLink */ = {
			isa = PBXGroup;
			children = (
				A36E153F28F8EE3400239E22 /* GoogleService-Info.plist */,
				A306257628F22E4400919640 /* GTLinkApp.swift */,
				A306257828F22E4400919640 /* ContentView.swift */,
				205BBAE028F8BDBD001C00F7 /* View */,
				205BBADE28F8BD97001C00F7 /* Model */,
				A306257A28F22E4500919640 /* Assets.xcassets */,
				A306257C28F22E4500919640 /* Preview Content */,
			);
			path = GTLink;
			sourceTree = "<group>";
		};
		A306257C28F22E4500919640 /* Preview Content */ = {
			isa = PBXGroup;
			children = (
				A306257D28F22E4500919640 /* Preview Assets.xcassets */,
			);
			path = "Preview Content";
			sourceTree = "<group>";
		};
/* End PBXGroup section */

/* Begin PBXNativeTarget section */
		A306257228F22E4400919640 /* GTLink */ = {
			isa = PBXNativeTarget;
			buildConfigurationList = A306258128F22E4500919640 /* Build configuration list for PBXNativeTarget "GTLink" */;
			buildPhases = (
				A306256F28F22E4400919640 /* Sources */,
				A306257028F22E4400919640 /* Frameworks */,
				A306257128F22E4400919640 /* Resources */,
			);
			buildRules = (
			);
			dependencies = (
			);
			name = GTLink;
			packageProductDependencies = (
				02A2A95C2901F50C005E42A6 /* FirebaseAnalytics */,
				02A2A95E2901F50C005E42A6 /* FirebaseAnalyticsOnDeviceConversion */,
				02A2A9602901F50C005E42A6 /* FirebaseAnalyticsSwift */,
				02A2A9622901F50C005E42A6 /* FirebaseAnalyticsWithoutAdIdSupport */,
				02A2A9642901F50C005E42A6 /* FirebaseAppCheck */,
				02A2A9662901F50C005E42A6 /* FirebaseAppDistribution-Beta */,
				02A2A9682901F50C005E42A6 /* FirebaseAuth */,
				02A2A96A2901F50C005E42A6 /* FirebaseAuthCombine-Community */,
				02A2A96C2901F50C005E42A6 /* FirebaseCrashlytics */,
				02A2A96E2901F50C005E42A6 /* FirebaseDatabase */,
				02A2A9702901F50C005E42A6 /* FirebaseDatabaseSwift */,
				02A2A9722901F50C005E42A6 /* FirebaseDynamicLinks */,
				02A2A9742901F50C005E42A6 /* FirebaseFirestore */,
				02A2A9762901F50C005E42A6 /* FirebaseFirestoreCombine-Community */,
				02A2A9782901F50C005E42A6 /* FirebaseFirestoreSwift */,
				02A2A97A2901F50C005E42A6 /* FirebaseFunctions */,
				02A2A97C2901F50D005E42A6 /* FirebaseFunctionsCombine-Community */,
				02A2A97E2901F50D005E42A6 /* FirebaseInAppMessaging-Beta */,
				02A2A9802901F50D005E42A6 /* FirebaseInAppMessagingSwift-Beta */,
				02A2A9822901F50D005E42A6 /* FirebaseInstallations */,
				02A2A9842901F50D005E42A6 /* FirebaseMLModelDownloader */,
				02A2A9862901F50D005E42A6 /* FirebaseMessaging */,
				02A2A9882901F50D005E42A6 /* FirebasePerformance */,
				02A2A98A2901F50D005E42A6 /* FirebaseRemoteConfig */,
				02A2A98C2901F50D005E42A6 /* FirebaseRemoteConfigSwift */,
				02A2A98E2901F50D005E42A6 /* FirebaseStorage */,
				02A2A9902901F50D005E42A6 /* FirebaseStorageCombine-Community */,
			);
			productName = GTLink;
			productReference = A306257328F22E4400919640 /* GTLink.app */;
			productType = "com.apple.product-type.application";
		};
/* End PBXNativeTarget section */

/* Begin PBXProject section */
		A306256B28F22E4400919640 /* Project object */ = {
			isa = PBXProject;
			attributes = {
				BuildIndependentTargetsInParallel = 1;
				LastSwiftUpdateCheck = 1400;
				LastUpgradeCheck = 1400;
				TargetAttributes = {
					A306257228F22E4400919640 = {
						CreatedOnToolsVersion = 14.0.1;
					};
				};
			};
			buildConfigurationList = A306256E28F22E4400919640 /* Build configuration list for PBXProject "GTLink" */;
			compatibilityVersion = "Xcode 14.0";
			developmentRegion = en;
			hasScannedForEncodings = 0;
			knownRegions = (
				en,
				Base,
			);
			mainGroup = A306256A28F22E4400919640;
			packageReferences = (
				02A2A95B2901F50C005E42A6 /* XCRemoteSwiftPackageReference "firebase-ios-sdk" */,
			);
			productRefGroup = A306257428F22E4400919640 /* Products */;
			projectDirPath = "";
			projectRoot = "";
			targets = (
				A306257228F22E4400919640 /* GTLink */,
			);
		};
/* End PBXProject section */

/* Begin PBXResourcesBuildPhase section */
		A306257128F22E4400919640 /* Resources */ = {
			isa = PBXResourcesBuildPhase;
			buildActionMask = 2147483647;
			files = (
				A306257E28F22E4500919640 /* Preview Assets.xcassets in Resources */,
				A306257B28F22E4500919640 /* Assets.xcassets in Resources */,
				A36E154028F8EE3400239E22 /* GoogleService-Info.plist in Resources */,
			);
			runOnlyForDeploymentPostprocessing = 0;
		};
/* End PBXResourcesBuildPhase section */

/* Begin PBXSourcesBuildPhase section */
		A306256F28F22E4400919640 /* Sources */ = {
			isa = PBXSourcesBuildPhase;
			buildActionMask = 2147483647;
			files = (
				02A447C8290B420100D06883 /* RiverFileTemp.swift in Sources */,
				A306257928F22E4400919640 /* ContentView.swift in Sources */,
				02A447CC290B428800D06883 /* ImagePicker.swift in Sources */,
				205BBAE228F8BDE3001C00F7 /* PostScreen.swift in Sources */,
				A306257728F22E4400919640 /* GTLinkApp.swift in Sources */,
			);
			runOnlyForDeploymentPostprocessing = 0;
		};
/* End PBXSourcesBuildPhase section */

/* Begin XCBuildConfiguration section */
		A306257F28F22E4500919640 /* Debug */ = {
			isa = XCBuildConfiguration;
			buildSettings = {
				ALWAYS_SEARCH_USER_PATHS = NO;
				CLANG_ANALYZER_NONNULL = YES;
				CLANG_ANALYZER_NUMBER_OBJECT_CONVERSION = YES_AGGRESSIVE;
				CLANG_CXX_LANGUAGE_STANDARD = "gnu++20";
				CLANG_ENABLE_MODULES = YES;
				CLANG_ENABLE_OBJC_ARC = YES;
				CLANG_ENABLE_OBJC_WEAK = YES;
				CLANG_WARN_BLOCK_CAPTURE_AUTORELEASING = YES;
				CLANG_WARN_BOOL_CONVERSION = YES;
				CLANG_WARN_COMMA = YES;
				CLANG_WARN_CONSTANT_CONVERSION = YES;
				CLANG_WARN_DEPRECATED_OBJC_IMPLEMENTATIONS = YES;
				CLANG_WARN_DIRECT_OBJC_ISA_USAGE = YES_ERROR;
				CLANG_WARN_DOCUMENTATION_COMMENTS = YES;
				CLANG_WARN_EMPTY_BODY = YES;
				CLANG_WARN_ENUM_CONVERSION = YES;
				CLANG_WARN_INFINITE_RECURSION = YES;
				CLANG_WARN_INT_CONVERSION = YES;
				CLANG_WARN_NON_LITERAL_NULL_CONVERSION = YES;
				CLANG_WARN_OBJC_IMPLICIT_RETAIN_SELF = YES;
				CLANG_WARN_OBJC_LITERAL_CONVERSION = YES;
				CLANG_WARN_OBJC_ROOT_CLASS = YES_ERROR;
				CLANG_WARN_QUOTED_INCLUDE_IN_FRAMEWORK_HEADER = YES;
				CLANG_WARN_RANGE_LOOP_ANALYSIS = YES;
				CLANG_WARN_STRICT_PROTOTYPES = YES;
				CLANG_WARN_SUSPICIOUS_MOVE = YES;
				CLANG_WARN_UNGUARDED_AVAILABILITY = YES_AGGRESSIVE;
				CLANG_WARN_UNREACHABLE_CODE = YES;
				CLANG_WARN__DUPLICATE_METHOD_MATCH = YES;
				COPY_PHASE_STRIP = NO;
				DEBUG_INFORMATION_FORMAT = dwarf;
				ENABLE_STRICT_OBJC_MSGSEND = YES;
				ENABLE_TESTABILITY = YES;
				GCC_C_LANGUAGE_STANDARD = gnu11;
				GCC_DYNAMIC_NO_PIC = NO;
				GCC_NO_COMMON_BLOCKS = YES;
				GCC_OPTIMIZATION_LEVEL = 0;
				GCC_PREPROCESSOR_DEFINITIONS = (
					"DEBUG=1",
					"$(inherited)",
				);
				GCC_WARN_64_TO_32_BIT_CONVERSION = YES;
				GCC_WARN_ABOUT_RETURN_TYPE = YES_ERROR;
				GCC_WARN_UNDECLARED_SELECTOR = YES;
				GCC_WARN_UNINITIALIZED_AUTOS = YES_AGGRESSIVE;
				GCC_WARN_UNUSED_FUNCTION = YES;
				GCC_WARN_UNUSED_VARIABLE = YES;
				IPHONEOS_DEPLOYMENT_TARGET = 16.0;
				MTL_ENABLE_DEBUG_INFO = INCLUDE_SOURCE;
				MTL_FAST_MATH = YES;
				ONLY_ACTIVE_ARCH = YES;
				SDKROOT = iphoneos;
				SWIFT_ACTIVE_COMPILATION_CONDITIONS = DEBUG;
				SWIFT_OPTIMIZATION_LEVEL = "-Onone";
			};
			name = Debug;
		};
		A306258028F22E4500919640 /* Release */ = {
			isa = XCBuildConfiguration;
			buildSettings = {
				ALWAYS_SEARCH_USER_PATHS = NO;
				CLANG_ANALYZER_NONNULL = YES;
				CLANG_ANALYZER_NUMBER_OBJECT_CONVERSION = YES_AGGRESSIVE;
				CLANG_CXX_LANGUAGE_STANDARD = "gnu++20";
				CLANG_ENABLE_MODULES = YES;
				CLANG_ENABLE_OBJC_ARC = YES;
				CLANG_ENABLE_OBJC_WEAK = YES;
				CLANG_WARN_BLOCK_CAPTURE_AUTORELEASING = YES;
				CLANG_WARN_BOOL_CONVERSION = YES;
				CLANG_WARN_COMMA = YES;
				CLANG_WARN_CONSTANT_CONVERSION = YES;
				CLANG_WARN_DEPRECATED_OBJC_IMPLEMENTATIONS = YES;
				CLANG_WARN_DIRECT_OBJC_ISA_USAGE = YES_ERROR;
				CLANG_WARN_DOCUMENTATION_COMMENTS = YES;
				CLANG_WARN_EMPTY_BODY = YES;
				CLANG_WARN_ENUM_CONVERSION = YES;
				CLANG_WARN_INFINITE_RECURSION = YES;
				CLANG_WARN_INT_CONVERSION = YES;
				CLANG_WARN_NON_LITERAL_NULL_CONVERSION = YES;
				CLANG_WARN_OBJC_IMPLICIT_RETAIN_SELF = YES;
				CLANG_WARN_OBJC_LITERAL_CONVERSION = YES;
				CLANG_WARN_OBJC_ROOT_CLASS = YES_ERROR;
				CLANG_WARN_QUOTED_INCLUDE_IN_FRAMEWORK_HEADER = YES;
				CLANG_WARN_RANGE_LOOP_ANALYSIS = YES;
				CLANG_WARN_STRICT_PROTOTYPES = YES;
				CLANG_WARN_SUSPICIOUS_MOVE = YES;
				CLANG_WARN_UNGUARDED_AVAILABILITY = YES_AGGRESSIVE;
				CLANG_WARN_UNREACHABLE_CODE = YES;
				CLANG_WARN__DUPLICATE_METHOD_MATCH = YES;
				COPY_PHASE_STRIP = NO;
				DEBUG_INFORMATION_FORMAT = "dwarf-with-dsym";
				ENABLE_NS_ASSERTIONS = NO;
				ENABLE_STRICT_OBJC_MSGSEND = YES;
				GCC_C_LANGUAGE_STANDARD = gnu11;
				GCC_NO_COMMON_BLOCKS = YES;
				GCC_WARN_64_TO_32_BIT_CONVERSION = YES;
				GCC_WARN_ABOUT_RETURN_TYPE = YES_ERROR;
				GCC_WARN_UNDECLARED_SELECTOR = YES;
				GCC_WARN_UNINITIALIZED_AUTOS = YES_AGGRESSIVE;
				GCC_WARN_UNUSED_FUNCTION = YES;
				GCC_WARN_UNUSED_VARIABLE = YES;
				IPHONEOS_DEPLOYMENT_TARGET = 16.0;
				MTL_ENABLE_DEBUG_INFO = NO;
				MTL_FAST_MATH = YES;
				SDKROOT = iphoneos;
				SWIFT_COMPILATION_MODE = wholemodule;
				SWIFT_OPTIMIZATION_LEVEL = "-O";
				VALIDATE_PRODUCT = YES;
			};
			name = Release;
		};
		A306258228F22E4500919640 /* Debug */ = {
			isa = XCBuildConfiguration;
			buildSettings = {
				ASSETCATALOG_COMPILER_APPICON_NAME = AppIcon;
				ASSETCATALOG_COMPILER_GLOBAL_ACCENT_COLOR_NAME = AccentColor;
				CODE_SIGN_STYLE = Automatic;
				CURRENT_PROJECT_VERSION = 1;
				DEVELOPMENT_ASSET_PATHS = "\"GTLink/Preview Content\"";
				DEVELOPMENT_TEAM = KJ7YS82G45;
				ENABLE_PREVIEWS = YES;
				GENERATE_INFOPLIST_FILE = YES;
				INFOPLIST_KEY_UIApplicationSceneManifest_Generation = YES;
				INFOPLIST_KEY_UIApplicationSupportsIndirectInputEvents = YES;
				INFOPLIST_KEY_UILaunchScreen_Generation = YES;
				INFOPLIST_KEY_UISupportedInterfaceOrientations_iPad = "UIInterfaceOrientationPortrait UIInterfaceOrientationPortraitUpsideDown UIInterfaceOrientationLandscapeLeft UIInterfaceOrientationLandscapeRight";
				INFOPLIST_KEY_UISupportedInterfaceOrientations_iPhone = "UIInterfaceOrientationPortrait UIInterfaceOrientationLandscapeLeft UIInterfaceOrientationLandscapeRight";
				LD_RUNPATH_SEARCH_PATHS = (
					"$(inherited)",
					"@executable_path/Frameworks",
				);
				MARKETING_VERSION = 1.0;
				PRODUCT_BUNDLE_IDENTIFIER = co.aalbahar.GTLink;
				PRODUCT_NAME = "$(TARGET_NAME)";
				SWIFT_EMIT_LOC_STRINGS = YES;
				SWIFT_VERSION = 5.0;
				TARGETED_DEVICE_FAMILY = "1,2";
			};
			name = Debug;
		};
		A306258328F22E4500919640 /* Release */ = {
			isa = XCBuildConfiguration;
			buildSettings = {
				ASSETCATALOG_COMPILER_APPICON_NAME = AppIcon;
				ASSETCATALOG_COMPILER_GLOBAL_ACCENT_COLOR_NAME = AccentColor;
				CODE_SIGN_STYLE = Automatic;
				CURRENT_PROJECT_VERSION = 1;
				DEVELOPMENT_ASSET_PATHS = "\"GTLink/Preview Content\"";
				DEVELOPMENT_TEAM = KJ7YS82G45;
				ENABLE_PREVIEWS = YES;
				GENERATE_INFOPLIST_FILE = YES;
				INFOPLIST_KEY_UIApplicationSceneManifest_Generation = YES;
				INFOPLIST_KEY_UIApplicationSupportsIndirectInputEvents = YES;
				INFOPLIST_KEY_UILaunchScreen_Generation = YES;
				INFOPLIST_KEY_UISupportedInterfaceOrientations_iPad = "UIInterfaceOrientationPortrait UIInterfaceOrientationPortraitUpsideDown UIInterfaceOrientationLandscapeLeft UIInterfaceOrientationLandscapeRight";
				INFOPLIST_KEY_UISupportedInterfaceOrientations_iPhone = "UIInterfaceOrientationPortrait UIInterfaceOrientationLandscapeLeft UIInterfaceOrientationLandscapeRight";
				LD_RUNPATH_SEARCH_PATHS = (
					"$(inherited)",
					"@executable_path/Frameworks",
				);
				MARKETING_VERSION = 1.0;
				PRODUCT_BUNDLE_IDENTIFIER = co.aalbahar.GTLink;
				PRODUCT_NAME = "$(TARGET_NAME)";
				SWIFT_EMIT_LOC_STRINGS = YES;
				SWIFT_VERSION = 5.0;
				TARGETED_DEVICE_FAMILY = "1,2";
			};
			name = Release;
		};
/* End XCBuildConfiguration section */

/* Begin XCConfigurationList section */
		A306256E28F22E4400919640 /* Build configuration list for PBXProject "GTLink" */ = {
			isa = XCConfigurationList;
			buildConfigurations = (
				A306257F28F22E4500919640 /* Debug */,
				A306258028F22E4500919640 /* Release */,
			);
			defaultConfigurationIsVisible = 0;
			defaultConfigurationName = Release;
		};
		A306258128F22E4500919640 /* Build configuration list for PBXNativeTarget "GTLink" */ = {
			isa = XCConfigurationList;
			buildConfigurations = (
				A306258228F22E4500919640 /* Debug */,
				A306258328F22E4500919640 /* Release */,
			);
			defaultConfigurationIsVisible = 0;
			defaultConfigurationName = Release;
		};
/* End XCConfigurationList section */

/* Begin XCRemoteSwiftPackageReference section */
		02A2A95B2901F50C005E42A6 /* XCRemoteSwiftPackageReference "firebase-ios-sdk" */ = {
			isa = XCRemoteSwiftPackageReference;
			repositoryURL = "https://github.com/firebase/firebase-ios-sdk";
			requirement = {
				kind = versionRange;
				maximumVersion = 10.0.0;
				minimumVersion = 9.0.0;
			};
		};
/* End XCRemoteSwiftPackageReference section */

/* Begin XCSwiftPackageProductDependency section */
		02A2A95C2901F50C005E42A6 /* FirebaseAnalytics */ = {
			isa = XCSwiftPackageProductDependency;
			package = 02A2A95B2901F50C005E42A6 /* XCRemoteSwiftPackageReference "firebase-ios-sdk" */;
			productName = FirebaseAnalytics;
		};
		02A2A95E2901F50C005E42A6 /* FirebaseAnalyticsOnDeviceConversion */ = {
			isa = XCSwiftPackageProductDependency;
			package = 02A2A95B2901F50C005E42A6 /* XCRemoteSwiftPackageReference "firebase-ios-sdk" */;
			productName = FirebaseAnalyticsOnDeviceConversion;
		};
		02A2A9602901F50C005E42A6 /* FirebaseAnalyticsSwift */ = {
			isa = XCSwiftPackageProductDependency;
			package = 02A2A95B2901F50C005E42A6 /* XCRemoteSwiftPackageReference "firebase-ios-sdk" */;
			productName = FirebaseAnalyticsSwift;
		};
		02A2A9622901F50C005E42A6 /* FirebaseAnalyticsWithoutAdIdSupport */ = {
			isa = XCSwiftPackageProductDependency;
			package = 02A2A95B2901F50C005E42A6 /* XCRemoteSwiftPackageReference "firebase-ios-sdk" */;
			productName = FirebaseAnalyticsWithoutAdIdSupport;
		};
		02A2A9642901F50C005E42A6 /* FirebaseAppCheck */ = {
			isa = XCSwiftPackageProductDependency;
			package = 02A2A95B2901F50C005E42A6 /* XCRemoteSwiftPackageReference "firebase-ios-sdk" */;
			productName = FirebaseAppCheck;
		};
		02A2A9662901F50C005E42A6 /* FirebaseAppDistribution-Beta */ = {
			isa = XCSwiftPackageProductDependency;
			package = 02A2A95B2901F50C005E42A6 /* XCRemoteSwiftPackageReference "firebase-ios-sdk" */;
			productName = "FirebaseAppDistribution-Beta";
		};
		02A2A9682901F50C005E42A6 /* FirebaseAuth */ = {
			isa = XCSwiftPackageProductDependency;
			package = 02A2A95B2901F50C005E42A6 /* XCRemoteSwiftPackageReference "firebase-ios-sdk" */;
			productName = FirebaseAuth;
		};
		02A2A96A2901F50C005E42A6 /* FirebaseAuthCombine-Community */ = {
			isa = XCSwiftPackageProductDependency;
			package = 02A2A95B2901F50C005E42A6 /* XCRemoteSwiftPackageReference "firebase-ios-sdk" */;
			productName = "FirebaseAuthCombine-Community";
		};
		02A2A96C2901F50C005E42A6 /* FirebaseCrashlytics */ = {
			isa = XCSwiftPackageProductDependency;
			package = 02A2A95B2901F50C005E42A6 /* XCRemoteSwiftPackageReference "firebase-ios-sdk" */;
			productName = FirebaseCrashlytics;
		};
		02A2A96E2901F50C005E42A6 /* FirebaseDatabase */ = {
			isa = XCSwiftPackageProductDependency;
			package = 02A2A95B2901F50C005E42A6 /* XCRemoteSwiftPackageReference "firebase-ios-sdk" */;
			productName = FirebaseDatabase;
		};
		02A2A9702901F50C005E42A6 /* FirebaseDatabaseSwift */ = {
			isa = XCSwiftPackageProductDependency;
			package = 02A2A95B2901F50C005E42A6 /* XCRemoteSwiftPackageReference "firebase-ios-sdk" */;
			productName = FirebaseDatabaseSwift;
		};
		02A2A9722901F50C005E42A6 /* FirebaseDynamicLinks */ = {
			isa = XCSwiftPackageProductDependency;
			package = 02A2A95B2901F50C005E42A6 /* XCRemoteSwiftPackageReference "firebase-ios-sdk" */;
			productName = FirebaseDynamicLinks;
		};
		02A2A9742901F50C005E42A6 /* FirebaseFirestore */ = {
			isa = XCSwiftPackageProductDependency;
			package = 02A2A95B2901F50C005E42A6 /* XCRemoteSwiftPackageReference "firebase-ios-sdk" */;
			productName = FirebaseFirestore;
		};
		02A2A9762901F50C005E42A6 /* FirebaseFirestoreCombine-Community */ = {
			isa = XCSwiftPackageProductDependency;
			package = 02A2A95B2901F50C005E42A6 /* XCRemoteSwiftPackageReference "firebase-ios-sdk" */;
			productName = "FirebaseFirestoreCombine-Community";
		};
		02A2A9782901F50C005E42A6 /* FirebaseFirestoreSwift */ = {
			isa = XCSwiftPackageProductDependency;
			package = 02A2A95B2901F50C005E42A6 /* XCRemoteSwiftPackageReference "firebase-ios-sdk" */;
			productName = FirebaseFirestoreSwift;
		};
		02A2A97A2901F50C005E42A6 /* FirebaseFunctions */ = {
			isa = XCSwiftPackageProductDependency;
			package = 02A2A95B2901F50C005E42A6 /* XCRemoteSwiftPackageReference "firebase-ios-sdk" */;
			productName = FirebaseFunctions;
		};
		02A2A97C2901F50D005E42A6 /* FirebaseFunctionsCombine-Community */ = {
			isa = XCSwiftPackageProductDependency;
			package = 02A2A95B2901F50C005E42A6 /* XCRemoteSwiftPackageReference "firebase-ios-sdk" */;
			productName = "FirebaseFunctionsCombine-Community";
		};
		02A2A97E2901F50D005E42A6 /* FirebaseInAppMessaging-Beta */ = {
			isa = XCSwiftPackageProductDependency;
			package = 02A2A95B2901F50C005E42A6 /* XCRemoteSwiftPackageReference "firebase-ios-sdk" */;
			productName = "FirebaseInAppMessaging-Beta";
		};
		02A2A9802901F50D005E42A6 /* FirebaseInAppMessagingSwift-Beta */ = {
			isa = XCSwiftPackageProductDependency;
			package = 02A2A95B2901F50C005E42A6 /* XCRemoteSwiftPackageReference "firebase-ios-sdk" */;
			productName = "FirebaseInAppMessagingSwift-Beta";
		};
		02A2A9822901F50D005E42A6 /* FirebaseInstallations */ = {
			isa = XCSwiftPackageProductDependency;
			package = 02A2A95B2901F50C005E42A6 /* XCRemoteSwiftPackageReference "firebase-ios-sdk" */;
			productName = FirebaseInstallations;
		};
		02A2A9842901F50D005E42A6 /* FirebaseMLModelDownloader */ = {
			isa = XCSwiftPackageProductDependency;
			package = 02A2A95B2901F50C005E42A6 /* XCRemoteSwiftPackageReference "firebase-ios-sdk" */;
			productName = FirebaseMLModelDownloader;
		};
		02A2A9862901F50D005E42A6 /* FirebaseMessaging */ = {
			isa = XCSwiftPackageProductDependency;
			package = 02A2A95B2901F50C005E42A6 /* XCRemoteSwiftPackageReference "firebase-ios-sdk" */;
			productName = FirebaseMessaging;
		};
		02A2A9882901F50D005E42A6 /* FirebasePerformance */ = {
			isa = XCSwiftPackageProductDependency;
			package = 02A2A95B2901F50C005E42A6 /* XCRemoteSwiftPackageReference "firebase-ios-sdk" */;
			productName = FirebasePerformance;
		};
		02A2A98A2901F50D005E42A6 /* FirebaseRemoteConfig */ = {
			isa = XCSwiftPackageProductDependency;
			package = 02A2A95B2901F50C005E42A6 /* XCRemoteSwiftPackageReference "firebase-ios-sdk" */;
			productName = FirebaseRemoteConfig;
		};
		02A2A98C2901F50D005E42A6 /* FirebaseRemoteConfigSwift */ = {
			isa = XCSwiftPackageProductDependency;
			package = 02A2A95B2901F50C005E42A6 /* XCRemoteSwiftPackageReference "firebase-ios-sdk" */;
			productName = FirebaseRemoteConfigSwift;
		};
		02A2A98E2901F50D005E42A6 /* FirebaseStorage */ = {
			isa = XCSwiftPackageProductDependency;
			package = 02A2A95B2901F50C005E42A6 /* XCRemoteSwiftPackageReference "firebase-ios-sdk" */;
			productName = FirebaseStorage;
		};
		02A2A9902901F50D005E42A6 /* FirebaseStorageCombine-Community */ = {
			isa = XCSwiftPackageProductDependency;
			package = 02A2A95B2901F50C005E42A6 /* XCRemoteSwiftPackageReference "firebase-ios-sdk" */;
			productName = "FirebaseStorageCombine-Community";
		};
/* End XCSwiftPackageProductDependency section */
	};
	rootObject = A306256B28F22E4400919640 /* Project object */;
}
