// !$*UTF8*$!
{
	archiveVersion = 1;
	classes = {
	};
	objectVersion = 56;
	objects = {

/* Begin PBXBuildFile section */
		205BBAE228F8BDE3001C00F7 /* FeedScreen.swift in Sources */ = {isa = PBXBuildFile; fileRef = 205BBAE128F8BDE3001C00F7 /* FeedScreen.swift */; };
		A306257728F22E4400919640 /* GTLinkApp.swift in Sources */ = {isa = PBXBuildFile; fileRef = A306257628F22E4400919640 /* GTLinkApp.swift */; };
		A306257B28F22E4500919640 /* Assets.xcassets in Resources */ = {isa = PBXBuildFile; fileRef = A306257A28F22E4500919640 /* Assets.xcassets */; };
		A306257E28F22E4500919640 /* Preview Assets.xcassets in Resources */ = {isa = PBXBuildFile; fileRef = A306257D28F22E4500919640 /* Preview Assets.xcassets */; };
		A36E154028F8EE3400239E22 /* GoogleService-Info.plist in Resources */ = {isa = PBXBuildFile; fileRef = A36E153F28F8EE3400239E22 /* GoogleService-Info.plist */; };
		A3C815242908C78600E4215F /* Card.swift in Sources */ = {isa = PBXBuildFile; fileRef = A3C815232908C78600E4215F /* Card.swift */; };
		A3FA2CA129089FFF00D80262 /* FirebaseAuth in Frameworks */ = {isa = PBXBuildFile; productRef = A3FA2CA029089FFF00D80262 /* FirebaseAuth */; };
		A3FA2CA329089FFF00D80262 /* FirebaseFirestore in Frameworks */ = {isa = PBXBuildFile; productRef = A3FA2CA229089FFF00D80262 /* FirebaseFirestore */; };
		A3FA2CA529089FFF00D80262 /* FirebaseFirestoreSwift in Frameworks */ = {isa = PBXBuildFile; productRef = A3FA2CA429089FFF00D80262 /* FirebaseFirestoreSwift */; };
		A3FA2CA729089FFF00D80262 /* FirebaseMessaging in Frameworks */ = {isa = PBXBuildFile; productRef = A3FA2CA629089FFF00D80262 /* FirebaseMessaging */; };
		A3FA2CA929089FFF00D80262 /* FirebaseStorage in Frameworks */ = {isa = PBXBuildFile; productRef = A3FA2CA829089FFF00D80262 /* FirebaseStorage */; };
		B23C37CC290B4334000B2B8A /* Tags.swift in Sources */ = {isa = PBXBuildFile; fileRef = B23C37CB290B4334000B2B8A /* Tags.swift */; };
		B2649E9A2918105200DD08EE /* FeedFilterView.swift in Sources */ = {isa = PBXBuildFile; fileRef = B2649E992918105200DD08EE /* FeedFilterView.swift */; };
		B2649EA02918677300DD08EE /* FeedViewModel.swift in Sources */ = {isa = PBXBuildFile; fileRef = B2649E9F2918677300DD08EE /* FeedViewModel.swift */; };
/* End PBXBuildFile section */

/* Begin PBXFileReference section */
		205BBAE128F8BDE3001C00F7 /* FeedScreen.swift */ = {isa = PBXFileReference; lastKnownFileType = sourcecode.swift; path = FeedScreen.swift; sourceTree = "<group>"; };
		A306257328F22E4400919640 /* GTLink.app */ = {isa = PBXFileReference; explicitFileType = wrapper.application; includeInIndex = 0; path = GTLink.app; sourceTree = BUILT_PRODUCTS_DIR; };
		A306257628F22E4400919640 /* GTLinkApp.swift */ = {isa = PBXFileReference; lastKnownFileType = sourcecode.swift; path = GTLinkApp.swift; sourceTree = "<group>"; };
		A306257A28F22E4500919640 /* Assets.xcassets */ = {isa = PBXFileReference; lastKnownFileType = folder.assetcatalog; path = Assets.xcassets; sourceTree = "<group>"; };
		A306257D28F22E4500919640 /* Preview Assets.xcassets */ = {isa = PBXFileReference; lastKnownFileType = folder.assetcatalog; path = "Preview Assets.xcassets"; sourceTree = "<group>"; };
		A36E153F28F8EE3400239E22 /* GoogleService-Info.plist */ = {isa = PBXFileReference; fileEncoding = 4; lastKnownFileType = text.plist.xml; path = "GoogleService-Info.plist"; sourceTree = "<group>"; };
		A3C815232908C78600E4215F /* Card.swift */ = {isa = PBXFileReference; lastKnownFileType = sourcecode.swift; path = Card.swift; sourceTree = "<group>"; };
		B23C37CB290B4334000B2B8A /* Tags.swift */ = {isa = PBXFileReference; lastKnownFileType = sourcecode.swift; path = Tags.swift; sourceTree = "<group>"; };
		B2649E992918105200DD08EE /* FeedFilterView.swift */ = {isa = PBXFileReference; lastKnownFileType = sourcecode.swift; path = FeedFilterView.swift; sourceTree = "<group>"; };
		B2649E9F2918677300DD08EE /* FeedViewModel.swift */ = {isa = PBXFileReference; lastKnownFileType = sourcecode.swift; path = FeedViewModel.swift; sourceTree = "<group>"; };
/* End PBXFileReference section */

/* Begin PBXFrameworksBuildPhase section */
		A306257028F22E4400919640 /* Frameworks */ = {
			isa = PBXFrameworksBuildPhase;
			buildActionMask = 2147483647;
			files = (
				A3FA2CA729089FFF00D80262 /* FirebaseMessaging in Frameworks */,
				A3FA2CA129089FFF00D80262 /* FirebaseAuth in Frameworks */,
				A3FA2CA329089FFF00D80262 /* FirebaseFirestore in Frameworks */,
				A3FA2CA929089FFF00D80262 /* FirebaseStorage in Frameworks */,
				A3FA2CA529089FFF00D80262 /* FirebaseFirestoreSwift in Frameworks */,
			);
			runOnlyForDeploymentPostprocessing = 0;
		};
/* End PBXFrameworksBuildPhase section */

/* Begin PBXGroup section */
		205BBADE28F8BD97001C00F7 /* Model */ = {
			isa = PBXGroup;
			children = (
				B23C37CB290B4334000B2B8A /* Tags.swift */,
				B2649E9F2918677300DD08EE /* FeedViewModel.swift */,
			);
			name = Model;
			path = "New Group/Model";
			sourceTree = "<group>";
		};
		205BBAE028F8BDBD001C00F7 /* View */ = {
			isa = PBXGroup;
			children = (
				205BBAE128F8BDE3001C00F7 /* FeedScreen.swift */,
				B2649E992918105200DD08EE /* FeedFilterView.swift */,
				A3C815232908C78600E4215F /* Card.swift */,
			);
			path = View;
			sourceTree = "<group>";
		};
		A306256A28F22E4400919640 = {
			isa = PBXGroup;
			children = (
				A306257528F22E4400919640 /* GTLink */,
				A306257428F22E4400919640 /* Products */,
			);
			sourceTree = "<group>";
		};
		A306257428F22E4400919640 /* Products */ = {
			isa = PBXGroup;
			children = (
				A306257328F22E4400919640 /* GTLink.app */,
			);
			name = Products;
			sourceTree = "<group>";
		};
		A306257528F22E4400919640 /* GTLink */ = {
			isa = PBXGroup;
			children = (
				A36E153F28F8EE3400239E22 /* GoogleService-Info.plist */,
				A306257628F22E4400919640 /* GTLinkApp.swift */,
				205BBAE028F8BDBD001C00F7 /* View */,
				205BBADE28F8BD97001C00F7 /* Model */,
				A306257A28F22E4500919640 /* Assets.xcassets */,
				A306257C28F22E4500919640 /* Preview Content */,
			);
			path = GTLink;
			sourceTree = "<group>";
		};
		A306257C28F22E4500919640 /* Preview Content */ = {
			isa = PBXGroup;
			children = (
				A306257D28F22E4500919640 /* Preview Assets.xcassets */,
			);
			path = "Preview Content";
			sourceTree = "<group>";
		};
/* End PBXGroup section */

/* Begin PBXNativeTarget section */
		A306257228F22E4400919640 /* GTLink */ = {
			isa = PBXNativeTarget;
			buildConfigurationList = A306258128F22E4500919640 /* Build configuration list for PBXNativeTarget "GTLink" */;
			buildPhases = (
				A306256F28F22E4400919640 /* Sources */,
				A306257028F22E4400919640 /* Frameworks */,
				A306257128F22E4400919640 /* Resources */,
			);
			buildRules = (
			);
			dependencies = (
			);
			name = GTLink;
			packageProductDependencies = (
				A3FA2CA029089FFF00D80262 /* FirebaseAuth */,
				A3FA2CA229089FFF00D80262 /* FirebaseFirestore */,
				A3FA2CA429089FFF00D80262 /* FirebaseFirestoreSwift */,
				A3FA2CA629089FFF00D80262 /* FirebaseMessaging */,
				A3FA2CA829089FFF00D80262 /* FirebaseStorage */,
			);
			productName = GTLink;
			productReference = A306257328F22E4400919640 /* GTLink.app */;
			productType = "com.apple.product-type.application";
		};
/* End PBXNativeTarget section */

/* Begin PBXProject section */
		A306256B28F22E4400919640 /* Project object */ = {
			isa = PBXProject;
			attributes = {
				BuildIndependentTargetsInParallel = 1;
				LastSwiftUpdateCheck = 1400;
				LastUpgradeCheck = 1400;
				TargetAttributes = {
					A306257228F22E4400919640 = {
						CreatedOnToolsVersion = 14.0.1;
					};
				};
			};
			buildConfigurationList = A306256E28F22E4400919640 /* Build configuration list for PBXProject "GTLink" */;
			compatibilityVersion = "Xcode 14.0";
			developmentRegion = en;
			hasScannedForEncodings = 0;
			knownRegions = (
				en,
				Base,
			);
			mainGroup = A306256A28F22E4400919640;
			packageReferences = (
				A3FA2C9F29089FFF00D80262 /* XCRemoteSwiftPackageReference "firebase-ios-sdk" */,
			);
			productRefGroup = A306257428F22E4400919640 /* Products */;
			projectDirPath = "";
			projectRoot = "";
			targets = (
				A306257228F22E4400919640 /* GTLink */,
			);
		};
/* End PBXProject section */

/* Begin PBXResourcesBuildPhase section */
		A306257128F22E4400919640 /* Resources */ = {
			isa = PBXResourcesBuildPhase;
			buildActionMask = 2147483647;
			files = (
				A306257E28F22E4500919640 /* Preview Assets.xcassets in Resources */,
				A306257B28F22E4500919640 /* Assets.xcassets in Resources */,
				A36E154028F8EE3400239E22 /* GoogleService-Info.plist in Resources */,
			);
			runOnlyForDeploymentPostprocessing = 0;
		};
/* End PBXResourcesBuildPhase section */

/* Begin PBXSourcesBuildPhase section */
		A306256F28F22E4400919640 /* Sources */ = {
			isa = PBXSourcesBuildPhase;
			buildActionMask = 2147483647;
			files = (
				B2649EA02918677300DD08EE /* FeedViewModel.swift in Sources */,
				B23C37CC290B4334000B2B8A /* Tags.swift in Sources */,
				205BBAE228F8BDE3001C00F7 /* FeedScreen.swift in Sources */,
				A3C815242908C78600E4215F /* Card.swift in Sources */,
				B2649E9A2918105200DD08EE /* FeedFilterView.swift in Sources */,
				A306257728F22E4400919640 /* GTLinkApp.swift in Sources */,
			);
			runOnlyForDeploymentPostprocessing = 0;
		};
/* End PBXSourcesBuildPhase section */

/* Begin XCBuildConfiguration section */
		A306257F28F22E4500919640 /* Debug */ = {
			isa = XCBuildConfiguration;
			buildSettings = {
				ALWAYS_SEARCH_USER_PATHS = NO;
				CLANG_ANALYZER_NONNULL = YES;
				CLANG_ANALYZER_NUMBER_OBJECT_CONVERSION = YES_AGGRESSIVE;
				CLANG_CXX_LANGUAGE_STANDARD = "gnu++20";
				CLANG_ENABLE_MODULES = YES;
				CLANG_ENABLE_OBJC_ARC = YES;
				CLANG_ENABLE_OBJC_WEAK = YES;
				CLANG_WARN_BLOCK_CAPTURE_AUTORELEASING = YES;
				CLANG_WARN_BOOL_CONVERSION = YES;
				CLANG_WARN_COMMA = YES;
				CLANG_WARN_CONSTANT_CONVERSION = YES;
				CLANG_WARN_DEPRECATED_OBJC_IMPLEMENTATIONS = YES;
				CLANG_WARN_DIRECT_OBJC_ISA_USAGE = YES_ERROR;
				CLANG_WARN_DOCUMENTATION_COMMENTS = YES;
				CLANG_WARN_EMPTY_BODY = YES;
				CLANG_WARN_ENUM_CONVERSION = YES;
				CLANG_WARN_INFINITE_RECURSION = YES;
				CLANG_WARN_INT_CONVERSION = YES;
				CLANG_WARN_NON_LITERAL_NULL_CONVERSION = YES;
				CLANG_WARN_OBJC_IMPLICIT_RETAIN_SELF = YES;
				CLANG_WARN_OBJC_LITERAL_CONVERSION = YES;
				CLANG_WARN_OBJC_ROOT_CLASS = YES_ERROR;
				CLANG_WARN_QUOTED_INCLUDE_IN_FRAMEWORK_HEADER = YES;
				CLANG_WARN_RANGE_LOOP_ANALYSIS = YES;
				CLANG_WARN_STRICT_PROTOTYPES = YES;
				CLANG_WARN_SUSPICIOUS_MOVE = YES;
				CLANG_WARN_UNGUARDED_AVAILABILITY = YES_AGGRESSIVE;
				CLANG_WARN_UNREACHABLE_CODE = YES;
				CLANG_WARN__DUPLICATE_METHOD_MATCH = YES;
				COPY_PHASE_STRIP = NO;
				DEBUG_INFORMATION_FORMAT = dwarf;
				ENABLE_STRICT_OBJC_MSGSEND = YES;
				ENABLE_TESTABILITY = YES;
				GCC_C_LANGUAGE_STANDARD = gnu11;
				GCC_DYNAMIC_NO_PIC = NO;
				GCC_NO_COMMON_BLOCKS = YES;
				GCC_OPTIMIZATION_LEVEL = 0;
				GCC_PREPROCESSOR_DEFINITIONS = (
					"DEBUG=1",
					"$(inherited)",
				);
				GCC_WARN_64_TO_32_BIT_CONVERSION = YES;
				GCC_WARN_ABOUT_RETURN_TYPE = YES_ERROR;
				GCC_WARN_UNDECLARED_SELECTOR = YES;
				GCC_WARN_UNINITIALIZED_AUTOS = YES_AGGRESSIVE;
				GCC_WARN_UNUSED_FUNCTION = YES;
				GCC_WARN_UNUSED_VARIABLE = YES;
				IPHONEOS_DEPLOYMENT_TARGET = 16.0;
				MTL_ENABLE_DEBUG_INFO = INCLUDE_SOURCE;
				MTL_FAST_MATH = YES;
				ONLY_ACTIVE_ARCH = YES;
				SDKROOT = iphoneos;
				SWIFT_ACTIVE_COMPILATION_CONDITIONS = DEBUG;
				SWIFT_OPTIMIZATION_LEVEL = "-Onone";
			};
			name = Debug;
		};
		A306258028F22E4500919640 /* Release */ = {
			isa = XCBuildConfiguration;
			buildSettings = {
				ALWAYS_SEARCH_USER_PATHS = NO;
				CLANG_ANALYZER_NONNULL = YES;
				CLANG_ANALYZER_NUMBER_OBJECT_CONVERSION = YES_AGGRESSIVE;
				CLANG_CXX_LANGUAGE_STANDARD = "gnu++20";
				CLANG_ENABLE_MODULES = YES;
				CLANG_ENABLE_OBJC_ARC = YES;
				CLANG_ENABLE_OBJC_WEAK = YES;
				CLANG_WARN_BLOCK_CAPTURE_AUTORELEASING = YES;
				CLANG_WARN_BOOL_CONVERSION = YES;
				CLANG_WARN_COMMA = YES;
				CLANG_WARN_CONSTANT_CONVERSION = YES;
				CLANG_WARN_DEPRECATED_OBJC_IMPLEMENTATIONS = YES;
				CLANG_WARN_DIRECT_OBJC_ISA_USAGE = YES_ERROR;
				CLANG_WARN_DOCUMENTATION_COMMENTS = YES;
				CLANG_WARN_EMPTY_BODY = YES;
				CLANG_WARN_ENUM_CONVERSION = YES;
				CLANG_WARN_INFINITE_RECURSION = YES;
				CLANG_WARN_INT_CONVERSION = YES;
				CLANG_WARN_NON_LITERAL_NULL_CONVERSION = YES;
				CLANG_WARN_OBJC_IMPLICIT_RETAIN_SELF = YES;
				CLANG_WARN_OBJC_LITERAL_CONVERSION = YES;
				CLANG_WARN_OBJC_ROOT_CLASS = YES_ERROR;
				CLANG_WARN_QUOTED_INCLUDE_IN_FRAMEWORK_HEADER = YES;
				CLANG_WARN_RANGE_LOOP_ANALYSIS = YES;
				CLANG_WARN_STRICT_PROTOTYPES = YES;
				CLANG_WARN_SUSPICIOUS_MOVE = YES;
				CLANG_WARN_UNGUARDED_AVAILABILITY = YES_AGGRESSIVE;
				CLANG_WARN_UNREACHABLE_CODE = YES;
				CLANG_WARN__DUPLICATE_METHOD_MATCH = YES;
				COPY_PHASE_STRIP = NO;
				DEBUG_INFORMATION_FORMAT = "dwarf-with-dsym";
				ENABLE_NS_ASSERTIONS = NO;
				ENABLE_STRICT_OBJC_MSGSEND = YES;
				GCC_C_LANGUAGE_STANDARD = gnu11;
				GCC_NO_COMMON_BLOCKS = YES;
				GCC_WARN_64_TO_32_BIT_CONVERSION = YES;
				GCC_WARN_ABOUT_RETURN_TYPE = YES_ERROR;
				GCC_WARN_UNDECLARED_SELECTOR = YES;
				GCC_WARN_UNINITIALIZED_AUTOS = YES_AGGRESSIVE;
				GCC_WARN_UNUSED_FUNCTION = YES;
				GCC_WARN_UNUSED_VARIABLE = YES;
				IPHONEOS_DEPLOYMENT_TARGET = 16.0;
				MTL_ENABLE_DEBUG_INFO = NO;
				MTL_FAST_MATH = YES;
				SDKROOT = iphoneos;
				SWIFT_COMPILATION_MODE = wholemodule;
				SWIFT_OPTIMIZATION_LEVEL = "-O";
				VALIDATE_PRODUCT = YES;
			};
			name = Release;
		};
		A306258228F22E4500919640 /* Debug */ = {
			isa = XCBuildConfiguration;
			buildSettings = {
				ASSETCATALOG_COMPILER_APPICON_NAME = AppIcon;
				ASSETCATALOG_COMPILER_GLOBAL_ACCENT_COLOR_NAME = AccentColor;
				CODE_SIGN_STYLE = Automatic;
				CURRENT_PROJECT_VERSION = 1;
				DEVELOPMENT_ASSET_PATHS = "\"GTLink/Preview Content\"";
				DEVELOPMENT_TEAM = KJ7YS82G45;
				ENABLE_PREVIEWS = YES;
				GENERATE_INFOPLIST_FILE = YES;
				INFOPLIST_KEY_UIApplicationSceneManifest_Generation = YES;
				INFOPLIST_KEY_UIApplicationSupportsIndirectInputEvents = YES;
				INFOPLIST_KEY_UILaunchScreen_Generation = YES;
				INFOPLIST_KEY_UISupportedInterfaceOrientations_iPad = "UIInterfaceOrientationPortrait UIInterfaceOrientationPortraitUpsideDown UIInterfaceOrientationLandscapeLeft UIInterfaceOrientationLandscapeRight";
				INFOPLIST_KEY_UISupportedInterfaceOrientations_iPhone = "UIInterfaceOrientationPortrait UIInterfaceOrientationLandscapeLeft UIInterfaceOrientationLandscapeRight";
				LD_RUNPATH_SEARCH_PATHS = (
					"$(inherited)",
					"@executable_path/Frameworks",
				);
				MARKETING_VERSION = 1.0;
				PRODUCT_BUNDLE_IDENTIFIER = co.aalbahar.GTLink;
				PRODUCT_NAME = "$(TARGET_NAME)";
				SWIFT_EMIT_LOC_STRINGS = YES;
				SWIFT_VERSION = 5.0;
				TARGETED_DEVICE_FAMILY = "1,2";
			};
			name = Debug;
		};
		A306258328F22E4500919640 /* Release */ = {
			isa = XCBuildConfiguration;
			buildSettings = {
				ASSETCATALOG_COMPILER_APPICON_NAME = AppIcon;
				ASSETCATALOG_COMPILER_GLOBAL_ACCENT_COLOR_NAME = AccentColor;
				CODE_SIGN_STYLE = Automatic;
				CURRENT_PROJECT_VERSION = 1;
				DEVELOPMENT_ASSET_PATHS = "\"GTLink/Preview Content\"";
				DEVELOPMENT_TEAM = KJ7YS82G45;
				ENABLE_PREVIEWS = YES;
				GENERATE_INFOPLIST_FILE = YES;
				INFOPLIST_KEY_UIApplicationSceneManifest_Generation = YES;
				INFOPLIST_KEY_UIApplicationSupportsIndirectInputEvents = YES;
				INFOPLIST_KEY_UILaunchScreen_Generation = YES;
				INFOPLIST_KEY_UISupportedInterfaceOrientations_iPad = "UIInterfaceOrientationPortrait UIInterfaceOrientationPortraitUpsideDown UIInterfaceOrientationLandscapeLeft UIInterfaceOrientationLandscapeRight";
				INFOPLIST_KEY_UISupportedInterfaceOrientations_iPhone = "UIInterfaceOrientationPortrait UIInterfaceOrientationLandscapeLeft UIInterfaceOrientationLandscapeRight";
				LD_RUNPATH_SEARCH_PATHS = (
					"$(inherited)",
					"@executable_path/Frameworks",
				);
				MARKETING_VERSION = 1.0;
				PRODUCT_BUNDLE_IDENTIFIER = co.aalbahar.GTLink;
				PRODUCT_NAME = "$(TARGET_NAME)";
				SWIFT_EMIT_LOC_STRINGS = YES;
				SWIFT_VERSION = 5.0;
				TARGETED_DEVICE_FAMILY = "1,2";
			};
			name = Release;
		};
/* End XCBuildConfiguration section */

/* Begin XCConfigurationList section */
		A306256E28F22E4400919640 /* Build configuration list for PBXProject "GTLink" */ = {
			isa = XCConfigurationList;
			buildConfigurations = (
				A306257F28F22E4500919640 /* Debug */,
				A306258028F22E4500919640 /* Release */,
			);
			defaultConfigurationIsVisible = 0;
			defaultConfigurationName = Release;
		};
		A306258128F22E4500919640 /* Build configuration list for PBXNativeTarget "GTLink" */ = {
			isa = XCConfigurationList;
			buildConfigurations = (
				A306258228F22E4500919640 /* Debug */,
				A306258328F22E4500919640 /* Release */,
			);
			defaultConfigurationIsVisible = 0;
			defaultConfigurationName = Release;
		};
/* End XCConfigurationList section */

/* Begin XCRemoteSwiftPackageReference section */
		A3FA2C9F29089FFF00D80262 /* XCRemoteSwiftPackageReference "firebase-ios-sdk" */ = {
			isa = XCRemoteSwiftPackageReference;
			repositoryURL = "https://github.com/firebase/firebase-ios-sdk.git";
			requirement = {
				kind = upToNextMajorVersion;
				minimumVersion = 9.0.0;
			};
		};
/* End XCRemoteSwiftPackageReference section */

/* Begin XCSwiftPackageProductDependency section */
		A3FA2CA029089FFF00D80262 /* FirebaseAuth */ = {
			isa = XCSwiftPackageProductDependency;
			package = A3FA2C9F29089FFF00D80262 /* XCRemoteSwiftPackageReference "firebase-ios-sdk" */;
			productName = FirebaseAuth;
		};
		A3FA2CA229089FFF00D80262 /* FirebaseFirestore */ = {
			isa = XCSwiftPackageProductDependency;
			package = A3FA2C9F29089FFF00D80262 /* XCRemoteSwiftPackageReference "firebase-ios-sdk" */;
			productName = FirebaseFirestore;
		};
		A3FA2CA429089FFF00D80262 /* FirebaseFirestoreSwift */ = {
			isa = XCSwiftPackageProductDependency;
			package = A3FA2C9F29089FFF00D80262 /* XCRemoteSwiftPackageReference "firebase-ios-sdk" */;
			productName = FirebaseFirestoreSwift;
		};
		A3FA2CA629089FFF00D80262 /* FirebaseMessaging */ = {
			isa = XCSwiftPackageProductDependency;
			package = A3FA2C9F29089FFF00D80262 /* XCRemoteSwiftPackageReference "firebase-ios-sdk" */;
			productName = FirebaseMessaging;
		};
		A3FA2CA829089FFF00D80262 /* FirebaseStorage */ = {
			isa = XCSwiftPackageProductDependency;
			package = A3FA2C9F29089FFF00D80262 /* XCRemoteSwiftPackageReference "firebase-ios-sdk" */;
			productName = FirebaseStorage;
		};
/* End XCSwiftPackageProductDependency section */
	};
	rootObject = A306256B28F22E4400919640 /* Project object */;
}
